
Microsoft Visual Studio Solution File, Format Version 12.00
# Visual Studio 14
VisualStudioVersion = 14.0.25420.1
MinimumVisualStudioVersion = 10.0.40219.1
Project("{FAE04EC0-301F-11D3-BF4B-00C04F79EFBC}") = "Test", "Test\Test.csproj", "{6398B5FA-6441-48E7-8B38-9CF91E94D9ED}"
EndProject
Project("{FAE04EC0-301F-11D3-BF4B-00C04F79EFBC}") = "MicroServicios", "MicroServicios\MicroServicios.csproj", "{DD4FB5A4-F5F6-43BC-A143-2379A316E3B2}"
EndProject
Global
	GlobalSection(Performance) = preSolution
		HasPerformanceSessions = true
	EndGlobalSection
	GlobalSection(SolutionConfigurationPlatforms) = preSolution
		Debug|Any CPU = Debug|Any CPU
		Release|Any CPU = Release|Any CPU
	EndGlobalSection
	GlobalSection(ProjectConfigurationPlatforms) = postSolution
		{6398B5FA-6441-48E7-8B38-9CF91E94D9ED}.Debug|Any CPU.ActiveCfg = Debug|Any CPU
		{6398B5FA-6441-48E7-8B38-9CF91E94D9ED}.Debug|Any CPU.Build.0 = Debug|Any CPU
		{6398B5FA-6441-48E7-8B38-9CF91E94D9ED}.Release|Any CPU.ActiveCfg = Release|Any CPU
		{6398B5FA-6441-48E7-8B38-9CF91E94D9ED}.Release|Any CPU.Build.0 = Release|Any CPU
		{DD4FB5A4-F5F6-43BC-A143-2379A316E3B2}.Debug|Any CPU.ActiveCfg = Debug|Any CPU
		{DD4FB5A4-F5F6-43BC-A143-2379A316E3B2}.Debug|Any CPU.Build.0 = Debug|Any CPU
		{DD4FB5A4-F5F6-43BC-A143-2379A316E3B2}.Release|Any CPU.ActiveCfg = Release|Any CPU
		{DD4FB5A4-F5F6-43BC-A143-2379A316E3B2}.Release|Any CPU.Build.0 = Release|Any CPU
	EndGlobalSection
	GlobalSection(SolutionProperties) = preSolution
		HideSolutionNode = FALSE
	EndGlobalSection
EndGlobal
